dependencies:
- name: redis
  repository: https://kubernetes-charts.storage.googleapis.com
  version: 5.0.0
- name: postgresql
  repository: https://kubernetes-charts.storage.googleapis.com
  version: 2.7.6
- name: kubeless
  repository: https://kubernetes-charts-incubator.storage.googleapis.com/
  version: 2.0.0
digest: sha256:a5728cf84ba502dd932803f569b19d35d27ff0284bb7c4fb2175dc100988fcd8
generated: 2018-12-05T14:38:40.415263208+11:00
